
Microsoft Visual Studio Solution File, Format Version 12.00
# Visual Studio Version 16
VisualStudioVersion = 16.0.29613.14
MinimumVisualStudioVersion = 10.0.40219.1
Project("{FAE04EC0-301F-11D3-BF4B-00C04F79EFBC}") = "SeleniumTestConsoleApp", "SeleniumTestConsoleApp.csproj", "{1B878E48-D3D0-4518-BB1F-2D446C7EAC20}"
EndProject
Global
	GlobalSection(SolutionConfigurationPlatforms) = preSolution
		Debug|Any CPU = Debug|Any CPU
		Release|Any CPU = Release|Any CPU
	EndGlobalSection
	GlobalSection(ProjectConfigurationPlatforms) = postSolution
		{1B878E48-D3D0-4518-BB1F-2D446C7EAC20}.Debug|Any CPU.ActiveCfg = Debug|Any CPU
		{1B878E48-D3D0-4518-BB1F-2D446C7EAC20}.Debug|Any CPU.Build.0 = Debug|Any CPU
		{1B878E48-D3D0-4518-BB1F-2D446C7EAC20}.Release|Any CPU.ActiveCfg = Release|Any CPU
		{1B878E48-D3D0-4518-BB1F-2D446C7EAC20}.Release|Any CPU.Build.0 = Release|Any CPU
	EndGlobalSection
	GlobalSection(SolutionProperties) = preSolution
		HideSolutionNode = FALSE
	EndGlobalSection
	GlobalSection(ExtensibilityGlobals) = postSolution
		SolutionGuid = {767BDB58-292C-497E-8363-EA76F2DD3C32}
	EndGlobalSection
EndGlobal
